// !$*UTF8*$!
{
	archiveVersion = 1;
	classes = {
	};
	objectVersion = 55;
	objects = {

/* Begin PBXBuildFile section */
		8C3AA79127B28B1C001DFF34 /* CustomBlurView.swift in Sources */ = {isa = PBXBuildFile; fileRef = 8C3AA78D27B28B1C001DFF34 /* CustomBlurView.swift */; };
		8C3AA79227B28B1C001DFF34 /* Font.swift in Sources */ = {isa = PBXBuildFile; fileRef = 8C3AA78E27B28B1C001DFF34 /* Font.swift */; };
		8C3AA79327B28B1C001DFF34 /* CustomUIView.swift in Sources */ = {isa = PBXBuildFile; fileRef = 8C3AA78F27B28B1C001DFF34 /* CustomUIView.swift */; };
		8C3AA79427B28B1C001DFF34 /* CustomImageView.swift in Sources */ = {isa = PBXBuildFile; fileRef = 8C3AA79027B28B1C001DFF34 /* CustomImageView.swift */; };
		8CBA509D27B3F6DE003C7984 /* HandbookCollectionViewCell.swift in Sources */ = {isa = PBXBuildFile; fileRef = 8CBA509C27B3F6DE003C7984 /* HandbookCollectionViewCell.swift */; };
		8CBA509F27B41C48003C7984 /* Course.swift in Sources */ = {isa = PBXBuildFile; fileRef = 8CBA509E27B41C48003C7984 /* Course.swift */; };
		8CF4C38227B19BDE001B664D /* AppDelegate.swift in Sources */ = {isa = PBXBuildFile; fileRef = 8CF4C38127B19BDE001B664D /* AppDelegate.swift */; };
		8CF4C38427B19BDE001B664D /* SceneDelegate.swift in Sources */ = {isa = PBXBuildFile; fileRef = 8CF4C38327B19BDE001B664D /* SceneDelegate.swift */; };
		8CF4C38627B19BDE001B664D /* ViewController.swift in Sources */ = {isa = PBXBuildFile; fileRef = 8CF4C38527B19BDE001B664D /* ViewController.swift */; };
		8CF4C38927B19BDE001B664D /* Main.storyboard in Resources */ = {isa = PBXBuildFile; fileRef = 8CF4C38727B19BDE001B664D /* Main.storyboard */; };
		8CF4C38B27B19BE4001B664D /* Assets.xcassets in Resources */ = {isa = PBXBuildFile; fileRef = 8CF4C38A27B19BE4001B664D /* Assets.xcassets */; };
		8CF4C38E27B19BE4001B664D /* LaunchScreen.storyboard in Resources */ = {isa = PBXBuildFile; fileRef = 8CF4C38C27B19BE4001B664D /* LaunchScreen.storyboard */; };
/* End PBXBuildFile section */

/* Begin PBXFileReference section */
		8C3AA78B27B2851D001DFF34 /* MyViewController.playground */ = {isa = PBXFileReference; lastKnownFileType = file.playground; path = MyViewController.playground; sourceTree = "<group>"; xcLanguageSpecificationIdentifier = xcode.lang.swift; };
		8C3AA78D27B28B1C001DFF34 /* CustomBlurView.swift */ = {isa = PBXFileReference; fileEncoding = 4; lastKnownFileType = sourcecode.swift; path = CustomBlurView.swift; sourceTree = "<group>"; };
		8C3AA78E27B28B1C001DFF34 /* Font.swift */ = {isa = PBXFileReference; fileEncoding = 4; lastKnownFileType = sourcecode.swift; path = Font.swift; sourceTree = "<group>"; };
		8C3AA78F27B28B1C001DFF34 /* CustomUIView.swift */ = {isa = PBXFileReference; fileEncoding = 4; lastKnownFileType = sourcecode.swift; path = CustomUIView.swift; sourceTree = "<group>"; };
		8C3AA79027B28B1C001DFF34 /* CustomImageView.swift */ = {isa = PBXFileReference; fileEncoding = 4; lastKnownFileType = sourcecode.swift; path = CustomImageView.swift; sourceTree = "<group>"; };
		8CBA509C27B3F6DE003C7984 /* HandbookCollectionViewCell.swift */ = {isa = PBXFileReference; lastKnownFileType = sourcecode.swift; path = HandbookCollectionViewCell.swift; sourceTree = "<group>"; };
		8CBA509E27B41C48003C7984 /* Course.swift */ = {isa = PBXFileReference; lastKnownFileType = sourcecode.swift; path = Course.swift; sourceTree = "<group>"; };
		8CF4C37E27B19BDE001B664D /* Design+Code.app */ = {isa = PBXFileReference; explicitFileType = wrapper.application; includeInIndex = 0; path = "Design+Code.app"; sourceTree = BUILT_PRODUCTS_DIR; };
		8CF4C38127B19BDE001B664D /* AppDelegate.swift */ = {isa = PBXFileReference; lastKnownFileType = sourcecode.swift; path = AppDelegate.swift; sourceTree = "<group>"; };
		8CF4C38327B19BDE001B664D /* SceneDelegate.swift */ = {isa = PBXFileReference; lastKnownFileType = sourcecode.swift; path = SceneDelegate.swift; sourceTree = "<group>"; };
		8CF4C38527B19BDE001B664D /* ViewController.swift */ = {isa = PBXFileReference; lastKnownFileType = sourcecode.swift; path = ViewController.swift; sourceTree = "<group>"; };
		8CF4C38827B19BDE001B664D /* Base */ = {isa = PBXFileReference; lastKnownFileType = file.storyboard; name = Base; path = Base.lproj/Main.storyboard; sourceTree = "<group>"; };
		8CF4C38A27B19BE4001B664D /* Assets.xcassets */ = {isa = PBXFileReference; lastKnownFileType = folder.assetcatalog; path = Assets.xcassets; sourceTree = "<group>"; };
		8CF4C38D27B19BE4001B664D /* Base */ = {isa = PBXFileReference; lastKnownFileType = file.storyboard; name = Base; path = Base.lproj/LaunchScreen.storyboard; sourceTree = "<group>"; };
		8CF4C38F27B19BE4001B664D /* Info.plist */ = {isa = PBXFileReference; lastKnownFileType = text.plist.xml; path = Info.plist; sourceTree = "<group>"; };
/* End PBXFileReference section */

/* Begin PBXFrameworksBuildPhase section */
		8CF4C37B27B19BDE001B664D /* Frameworks */ = {
			isa = PBXFrameworksBuildPhase;
			buildActionMask = 2147483647;
			files = (
			);
			runOnlyForDeploymentPostprocessing = 0;
		};
/* End PBXFrameworksBuildPhase section */

/* Begin PBXGroup section */
		8C3AA78C27B28B1C001DFF34 /* Helpers */ = {
			isa = PBXGroup;
			children = (
				8C3AA78D27B28B1C001DFF34 /* CustomBlurView.swift */,
				8C3AA78E27B28B1C001DFF34 /* Font.swift */,
				8C3AA78F27B28B1C001DFF34 /* CustomUIView.swift */,
				8C3AA79027B28B1C001DFF34 /* CustomImageView.swift */,
			);
			path = Helpers;
			sourceTree = "<group>";
		};
		8CF4C37527B19BDE001B664D = {
			isa = PBXGroup;
			children = (
				8CF4C38027B19BDE001B664D /* Design+Code */,
				8CF4C37F27B19BDE001B664D /* Products */,
			);
			sourceTree = "<group>";
		};
		8CF4C37F27B19BDE001B664D /* Products */ = {
			isa = PBXGroup;
			children = (
				8CF4C37E27B19BDE001B664D /* Design+Code.app */,
			);
			name = Products;
			sourceTree = "<group>";
		};
		8CF4C38027B19BDE001B664D /* Design+Code */ = {
			isa = PBXGroup;
			children = (
				8C3AA78C27B28B1C001DFF34 /* Helpers */,
				8CF4C38127B19BDE001B664D /* AppDelegate.swift */,
				8CF4C38327B19BDE001B664D /* SceneDelegate.swift */,
				8CF4C38527B19BDE001B664D /* ViewController.swift */,
				8CF4C38727B19BDE001B664D /* Main.storyboard */,
				8CBA509C27B3F6DE003C7984 /* HandbookCollectionViewCell.swift */,
				8CBA509E27B41C48003C7984 /* Course.swift */,
				8C3AA78B27B2851D001DFF34 /* MyViewController.playground */,
				8CF4C38A27B19BE4001B664D /* Assets.xcassets */,
				8CF4C38C27B19BE4001B664D /* LaunchScreen.storyboard */,
				8CF4C38F27B19BE4001B664D /* Info.plist */,
			);
			path = "Design+Code";
			sourceTree = "<group>";
		};
/* End PBXGroup section */

/* Begin PBXNativeTarget section */
		8CF4C37D27B19BDE001B664D /* Design+Code */ = {
			isa = PBXNativeTarget;
			buildConfigurationList = 8CF4C39227B19BE4001B664D /* Build configuration list for PBXNativeTarget "Design+Code" */;
			buildPhases = (
				8CF4C37A27B19BDE001B664D /* Sources */,
				8CF4C37B27B19BDE001B664D /* Frameworks */,
				8CF4C37C27B19BDE001B664D /* Resources */,
			);
			buildRules = (
			);
			dependencies = (
			);
			name = "Design+Code";
			productName = "Design+Code";
			productReference = 8CF4C37E27B19BDE001B664D /* Design+Code.app */;
			productType = "com.apple.product-type.application";
		};
/* End PBXNativeTarget section */

/* Begin PBXProject section */
		8CF4C37627B19BDE001B664D /* Project object */ = {
			isa = PBXProject;
			attributes = {
				BuildIndependentTargetsInParallel = 1;
				LastSwiftUpdateCheck = 1310;
				LastUpgradeCheck = 1310;
				TargetAttributes = {
					8CF4C37D27B19BDE001B664D = {
						CreatedOnToolsVersion = 13.1;
					};
				};
			};
			buildConfigurationList = 8CF4C37927B19BDE001B664D /* Build configuration list for PBXProject "Design+Code" */;
			compatibilityVersion = "Xcode 13.0";
			developmentRegion = en;
			hasScannedForEncodings = 0;
			knownRegions = (
				en,
				Base,
			);
			mainGroup = 8CF4C37527B19BDE001B664D;
			productRefGroup = 8CF4C37F27B19BDE001B664D /* Products */;
			projectDirPath = "";
			projectRoot = "";
			targets = (
				8CF4C37D27B19BDE001B664D /* Design+Code */,
			);
		};
/* End PBXProject section */

/* Begin PBXResourcesBuildPhase section */
		8CF4C37C27B19BDE001B664D /* Resources */ = {
			isa = PBXResourcesBuildPhase;
			buildActionMask = 2147483647;
			files = (
				8CF4C38E27B19BE4001B664D /* LaunchScreen.storyboard in Resources */,
				8CF4C38B27B19BE4001B664D /* Assets.xcassets in Resources */,
				8CF4C38927B19BDE001B664D /* Main.storyboard in Resources */,
			);
			runOnlyForDeploymentPostprocessing = 0;
		};
/* End PBXResourcesBuildPhase section */

/* Begin PBXSourcesBuildPhase section */
		8CF4C37A27B19BDE001B664D /* Sources */ = {
			isa = PBXSourcesBuildPhase;
			buildActionMask = 2147483647;
			files = (
				8CBA509F27B41C48003C7984 /* Course.swift in Sources */,
				8CBA509D27B3F6DE003C7984 /* HandbookCollectionViewCell.swift in Sources */,
				8CF4C38627B19BDE001B664D /* ViewController.swift in Sources */,
				8C3AA79327B28B1C001DFF34 /* CustomUIView.swift in Sources */,
				8CF4C38227B19BDE001B664D /* AppDelegate.swift in Sources */,
				8C3AA79427B28B1C001DFF34 /* CustomImageView.swift in Sources */,
				8C3AA79227B28B1C001DFF34 /* Font.swift in Sources */,
				8C3AA79127B28B1C001DFF34 /* CustomBlurView.swift in Sources */,
				8CF4C38427B19BDE001B664D /* SceneDelegate.swift in Sources */,
			);
			runOnlyForDeploymentPostprocessing = 0;
		};
/* End PBXSourcesBuildPhase section */

/* Begin PBXVariantGroup section */
		8CF4C38727B19BDE001B664D /* Main.storyboard */ = {
			isa = PBXVariantGroup;
			children = (
				8CF4C38827B19BDE001B664D /* Base */,
			);
			name = Main.storyboard;
			sourceTree = "<group>";
		};
		8CF4C38C27B19BE4001B664D /* LaunchScreen.storyboard */ = {
			isa = PBXVariantGroup;
			children = (
				8CF4C38D27B19BE4001B664D /* Base */,
			);
			name = LaunchScreen.storyboard;
			sourceTree = "<group>";
		};
/* End PBXVariantGroup section */

/* Begin XCBuildConfiguration section */
		8CF4C39027B19BE4001B664D /* Debug */ = {
			isa = XCBuildConfiguration;
			buildSettings = {
				ALWAYS_SEARCH_USER_PATHS = NO;
				CLANG_ANALYZER_NONNULL = YES;
				CLANG_ANALYZER_NUMBER_OBJECT_CONVERSION = YES_AGGRESSIVE;
				CLANG_CXX_LANGUAGE_STANDARD = "gnu++17";
				CLANG_CXX_LIBRARY = "libc++";
				CLANG_ENABLE_MODULES = YES;
				CLANG_ENABLE_OBJC_ARC = YES;
				CLANG_ENABLE_OBJC_WEAK = YES;
				CLANG_WARN_BLOCK_CAPTURE_AUTORELEASING = YES;
				CLANG_WARN_BOOL_CONVERSION = YES;
				CLANG_WARN_COMMA = YES;
				CLANG_WARN_CONSTANT_CONVERSION = YES;
				CLANG_WARN_DEPRECATED_OBJC_IMPLEMENTATIONS = YES;
				CLANG_WARN_DIRECT_OBJC_ISA_USAGE = YES_ERROR;
				CLANG_WARN_DOCUMENTATION_COMMENTS = YES;
				CLANG_WARN_EMPTY_BODY = YES;
				CLANG_WARN_ENUM_CONVERSION = YES;
				CLANG_WARN_INFINITE_RECURSION = YES;
				CLANG_WARN_INT_CONVERSION = YES;
				CLANG_WARN_NON_LITERAL_NULL_CONVERSION = YES;
				CLANG_WARN_OBJC_IMPLICIT_RETAIN_SELF = YES;
				CLANG_WARN_OBJC_LITERAL_CONVERSION = YES;
				CLANG_WARN_OBJC_ROOT_CLASS = YES_ERROR;
				CLANG_WARN_QUOTED_INCLUDE_IN_FRAMEWORK_HEADER = YES;
				CLANG_WARN_RANGE_LOOP_ANALYSIS = YES;
				CLANG_WARN_STRICT_PROTOTYPES = YES;
				CLANG_WARN_SUSPICIOUS_MOVE = YES;
				CLANG_WARN_UNGUARDED_AVAILABILITY = YES_AGGRESSIVE;
				CLANG_WARN_UNREACHABLE_CODE = YES;
				CLANG_WARN__DUPLICATE_METHOD_MATCH = YES;
				COPY_PHASE_STRIP = NO;
				DEBUG_INFORMATION_FORMAT = dwarf;
				ENABLE_STRICT_OBJC_MSGSEND = YES;
				ENABLE_TESTABILITY = YES;
				GCC_C_LANGUAGE_STANDARD = gnu11;
				GCC_DYNAMIC_NO_PIC = NO;
				GCC_NO_COMMON_BLOCKS = YES;
				GCC_OPTIMIZATION_LEVEL = 0;
				GCC_PREPROCESSOR_DEFINITIONS = (
					"DEBUG=1",
					"$(inherited)",
				);
				GCC_WARN_64_TO_32_BIT_CONVERSION = YES;
				GCC_WARN_ABOUT_RETURN_TYPE = YES_ERROR;
				GCC_WARN_UNDECLARED_SELECTOR = YES;
				GCC_WARN_UNINITIALIZED_AUTOS = YES_AGGRESSIVE;
				GCC_WARN_UNUSED_FUNCTION = YES;
				GCC_WARN_UNUSED_VARIABLE = YES;
				IPHONEOS_DEPLOYMENT_TARGET = 15.0;
				MTL_ENABLE_DEBUG_INFO = INCLUDE_SOURCE;
				MTL_FAST_MATH = YES;
				ONLY_ACTIVE_ARCH = YES;
				SDKROOT = iphoneos;
				SWIFT_ACTIVE_COMPILATION_CONDITIONS = DEBUG;
				SWIFT_OPTIMIZATION_LEVEL = "-Onone";
			};
			name = Debug;
		};
		8CF4C39127B19BE4001B664D /* Release */ = {
			isa = XCBuildConfiguration;
			buildSettings = {
				ALWAYS_SEARCH_USER_PATHS = NO;
				CLANG_ANALYZER_NONNULL = YES;
				CLANG_ANALYZER_NUMBER_OBJECT_CONVERSION = YES_AGGRESSIVE;
				CLANG_CXX_LANGUAGE_STANDARD = "gnu++17";
				CLANG_CXX_LIBRARY = "libc++";
				CLANG_ENABLE_MODULES = YES;
				CLANG_ENABLE_OBJC_ARC = YES;
				CLANG_ENABLE_OBJC_WEAK = YES;
				CLANG_WARN_BLOCK_CAPTURE_AUTORELEASING = YES;
				CLANG_WARN_BOOL_CONVERSION = YES;
				CLANG_WARN_COMMA = YES;
				CLANG_WARN_CONSTANT_CONVERSION = YES;
				CLANG_WARN_DEPRECATED_OBJC_IMPLEMENTATIONS = YES;
				CLANG_WARN_DIRECT_OBJC_ISA_USAGE = YES_ERROR;
				CLANG_WARN_DOCUMENTATION_COMMENTS = YES;
				CLANG_WARN_EMPTY_BODY = YES;
				CLANG_WARN_ENUM_CONVERSION = YES;
				CLANG_WARN_INFINITE_RECURSION = YES;
				CLANG_WARN_INT_CONVERSION = YES;
				CLANG_WARN_NON_LITERAL_NULL_CONVERSION = YES;
				CLANG_WARN_OBJC_IMPLICIT_RETAIN_SELF = YES;
				CLANG_WARN_OBJC_LITERAL_CONVERSION = YES;
				CLANG_WARN_OBJC_ROOT_CLASS = YES_ERROR;
				CLANG_WARN_QUOTED_INCLUDE_IN_FRAMEWORK_HEADER = YES;
				CLANG_WARN_RANGE_LOOP_ANALYSIS = YES;
				CLANG_WARN_STRICT_PROTOTYPES = YES;
				CLANG_WARN_SUSPICIOUS_MOVE = YES;
				CLANG_WARN_UNGUARDED_AVAILABILITY = YES_AGGRESSIVE;
				CLANG_WARN_UNREACHABLE_CODE = YES;
				CLANG_WARN__DUPLICATE_METHOD_MATCH = YES;
				COPY_PHASE_STRIP = NO;
				DEBUG_INFORMATION_FORMAT = "dwarf-with-dsym";
				ENABLE_NS_ASSERTIONS = NO;
				ENABLE_STRICT_OBJC_MSGSEND = YES;
				GCC_C_LANGUAGE_STANDARD = gnu11;
				GCC_NO_COMMON_BLOCKS = YES;
				GCC_WARN_64_TO_32_BIT_CONVERSION = YES;
				GCC_WARN_ABOUT_RETURN_TYPE = YES_ERROR;
				GCC_WARN_UNDECLARED_SELECTOR = YES;
				GCC_WARN_UNINITIALIZED_AUTOS = YES_AGGRESSIVE;
				GCC_WARN_UNUSED_FUNCTION = YES;
				GCC_WARN_UNUSED_VARIABLE = YES;
				IPHONEOS_DEPLOYMENT_TARGET = 15.0;
				MTL_ENABLE_DEBUG_INFO = NO;
				MTL_FAST_MATH = YES;
				SDKROOT = iphoneos;
				SWIFT_COMPILATION_MODE = wholemodule;
				SWIFT_OPTIMIZATION_LEVEL = "-O";
				VALIDATE_PRODUCT = YES;
			};
			name = Release;
		};
		8CF4C39327B19BE4001B664D /* Debug */ = {
			isa = XCBuildConfiguration;
			buildSettings = {
				ASSETCATALOG_COMPILER_APPICON_NAME = AppIcon;
				ASSETCATALOG_COMPILER_GLOBAL_ACCENT_COLOR_NAME = AccentColor;
				CODE_SIGN_STYLE = Automatic;
				CURRENT_PROJECT_VERSION = 1;
				DEVELOPMENT_TEAM = 6SGA66BV7F;
				GENERATE_INFOPLIST_FILE = YES;
				INFOPLIST_FILE = "Design+Code/Info.plist";
				INFOPLIST_KEY_UIApplicationSupportsIndirectInputEvents = YES;
				INFOPLIST_KEY_UILaunchStoryboardName = LaunchScreen;
				INFOPLIST_KEY_UIMainStoryboardFile = Main;
				INFOPLIST_KEY_UISupportedInterfaceOrientations_iPad = "UIInterfaceOrientationPortrait UIInterfaceOrientationPortraitUpsideDown UIInterfaceOrientationLandscapeLeft UIInterfaceOrientationLandscapeRight";
				INFOPLIST_KEY_UISupportedInterfaceOrientations_iPhone = "UIInterfaceOrientationPortrait UIInterfaceOrientationLandscapeLeft UIInterfaceOrientationLandscapeRight";
				LD_RUNPATH_SEARCH_PATHS = (
					"$(inherited)",
					"@executable_path/Frameworks",
				);
				MARKETING_VERSION = 1.0;
				PRODUCT_BUNDLE_IDENTIFIER = "com.cathalfarrell.Design-Code";
				PRODUCT_NAME = "$(TARGET_NAME)";
				SWIFT_EMIT_LOC_STRINGS = YES;
				SWIFT_VERSION = 5.0;
				TARGETED_DEVICE_FAMILY = "1,2";
			};
			name = Debug;
		};
		8CF4C39427B19BE4001B664D /* Release */ = {
			isa = XCBuildConfiguration;
			buildSettings = {
				ASSETCATALOG_COMPILER_APPICON_NAME = AppIcon;
				ASSETCATALOG_COMPILER_GLOBAL_ACCENT_COLOR_NAME = AccentColor;
				CODE_SIGN_STYLE = Automatic;
				CURRENT_PROJECT_VERSION = 1;
				DEVELOPMENT_TEAM = 6SGA66BV7F;
				GENERATE_INFOPLIST_FILE = YES;
				INFOPLIST_FILE = "Design+Code/Info.plist";
				INFOPLIST_KEY_UIApplicationSupportsIndirectInputEvents = YES;
				INFOPLIST_KEY_UILaunchStoryboardName = LaunchScreen;
				INFOPLIST_KEY_UIMainStoryboardFile = Main;
				INFOPLIST_KEY_UISupportedInterfaceOrientations_iPad = "UIInterfaceOrientationPortrait UIInterfaceOrientationPortraitUpsideDown UIInterfaceOrientationLandscapeLeft UIInterfaceOrientationLandscapeRight";
				INFOPLIST_KEY_UISupportedInterfaceOrientations_iPhone = "UIInterfaceOrientationPortrait UIInterfaceOrientationLandscapeLeft UIInterfaceOrientationLandscapeRight";
				LD_RUNPATH_SEARCH_PATHS = (
					"$(inherited)",
					"@executable_path/Frameworks",
				);
				MARKETING_VERSION = 1.0;
				PRODUCT_BUNDLE_IDENTIFIER = "com.cathalfarrell.Design-Code";
				PRODUCT_NAME = "$(TARGET_NAME)";
				SWIFT_EMIT_LOC_STRINGS = YES;
				SWIFT_VERSION = 5.0;
				TARGETED_DEVICE_FAMILY = "1,2";
			};
			name = Release;
		};
/* End XCBuildConfiguration section */

/* Begin XCConfigurationList section */
		8CF4C37927B19BDE001B664D /* Build configuration list for PBXProject "Design+Code" */ = {
			isa = XCConfigurationList;
			buildConfigurations = (
				8CF4C39027B19BE4001B664D /* Debug */,
				8CF4C39127B19BE4001B664D /* Release */,
			);
			defaultConfigurationIsVisible = 0;
			defaultConfigurationName = Release;
		};
		8CF4C39227B19BE4001B664D /* Build configuration list for PBXNativeTarget "Design+Code" */ = {
			isa = XCConfigurationList;
			buildConfigurations = (
				8CF4C39327B19BE4001B664D /* Debug */,
				8CF4C39427B19BE4001B664D /* Release */,
			);
			defaultConfigurationIsVisible = 0;
			defaultConfigurationName = Release;
		};
/* End XCConfigurationList section */
	};
	rootObject = 8CF4C37627B19BDE001B664D /* Project object */;
}
